// !$*UTF8*$!
{
	archiveVersion = 1;
	classes = {
	};
	objectVersion = 50;
	objects = {

/* Begin PBXBuildFile section */
		54C1FCEB224444CA00AB4FC8 /* AppDelegate.swift in Sources */ = {isa = PBXBuildFile; fileRef = 54C1FCEA224444CA00AB4FC8 /* AppDelegate.swift */; };
		54C1FCED224444CA00AB4FC8 /* ViewController.swift in Sources */ = {isa = PBXBuildFile; fileRef = 54C1FCEC224444CA00AB4FC8 /* ViewController.swift */; };
		54C1FCF0224444CA00AB4FC8 /* Main.storyboard in Resources */ = {isa = PBXBuildFile; fileRef = 54C1FCEE224444CA00AB4FC8 /* Main.storyboard */; };
		54C1FCF3224444CB00AB4FC8 /* nippohub_daily.xcdatamodeld in Sources */ = {isa = PBXBuildFile; fileRef = 54C1FCF1224444CA00AB4FC8 /* nippohub_daily.xcdatamodeld */; };
		54C1FCF5224444CD00AB4FC8 /* Assets.xcassets in Resources */ = {isa = PBXBuildFile; fileRef = 54C1FCF4224444CD00AB4FC8 /* Assets.xcassets */; };
		54C1FCF8224444CD00AB4FC8 /* LaunchScreen.storyboard in Resources */ = {isa = PBXBuildFile; fileRef = 54C1FCF6224444CD00AB4FC8 /* LaunchScreen.storyboard */; };
		54C1FD03224444CD00AB4FC8 /* nippohub_dailyTests.swift in Sources */ = {isa = PBXBuildFile; fileRef = 54C1FD02224444CD00AB4FC8 /* nippohub_dailyTests.swift */; };
		54C1FD0E224444CD00AB4FC8 /* nippohub_dailyUITests.swift in Sources */ = {isa = PBXBuildFile; fileRef = 54C1FD0D224444CD00AB4FC8 /* nippohub_dailyUITests.swift */; };
/* End PBXBuildFile section */

/* Begin PBXContainerItemProxy section */
		54C1FCFF224444CD00AB4FC8 /* PBXContainerItemProxy */ = {
			isa = PBXContainerItemProxy;
			containerPortal = 54C1FCDF224444CA00AB4FC8 /* Project object */;
			proxyType = 1;
			remoteGlobalIDString = 54C1FCE6224444CA00AB4FC8;
			remoteInfo = "nippohub-daily";
		};
		54C1FD0A224444CD00AB4FC8 /* PBXContainerItemProxy */ = {
			isa = PBXContainerItemProxy;
			containerPortal = 54C1FCDF224444CA00AB4FC8 /* Project object */;
			proxyType = 1;
			remoteGlobalIDString = 54C1FCE6224444CA00AB4FC8;
			remoteInfo = "nippohub-daily";
		};
/* End PBXContainerItemProxy section */

/* Begin PBXFileReference section */
		54C1FCE7224444CA00AB4FC8 /* nippohub-daily.app */ = {isa = PBXFileReference; explicitFileType = wrapper.application; includeInIndex = 0; path = "nippohub-daily.app"; sourceTree = BUILT_PRODUCTS_DIR; };
		54C1FCEA224444CA00AB4FC8 /* AppDelegate.swift */ = {isa = PBXFileReference; lastKnownFileType = sourcecode.swift; path = AppDelegate.swift; sourceTree = "<group>"; };
		54C1FCEC224444CA00AB4FC8 /* ViewController.swift */ = {isa = PBXFileReference; lastKnownFileType = sourcecode.swift; path = ViewController.swift; sourceTree = "<group>"; };
		54C1FCEF224444CA00AB4FC8 /* Base */ = {isa = PBXFileReference; lastKnownFileType = file.storyboard; name = Base; path = Base.lproj/Main.storyboard; sourceTree = "<group>"; };
		54C1FCF2224444CA00AB4FC8 /* nippohub_daily.xcdatamodel */ = {isa = PBXFileReference; lastKnownFileType = wrapper.xcdatamodel; path = nippohub_daily.xcdatamodel; sourceTree = "<group>"; };
		54C1FCF4224444CD00AB4FC8 /* Assets.xcassets */ = {isa = PBXFileReference; lastKnownFileType = folder.assetcatalog; path = Assets.xcassets; sourceTree = "<group>"; };
		54C1FCF7224444CD00AB4FC8 /* Base */ = {isa = PBXFileReference; lastKnownFileType = file.storyboard; name = Base; path = Base.lproj/LaunchScreen.storyboard; sourceTree = "<group>"; };
		54C1FCF9224444CD00AB4FC8 /* Info.plist */ = {isa = PBXFileReference; lastKnownFileType = text.plist.xml; path = Info.plist; sourceTree = "<group>"; };
		54C1FCFE224444CD00AB4FC8 /* nippohub-dailyTests.xctest */ = {isa = PBXFileReference; explicitFileType = wrapper.cfbundle; includeInIndex = 0; path = "nippohub-dailyTests.xctest"; sourceTree = BUILT_PRODUCTS_DIR; };
		54C1FD02224444CD00AB4FC8 /* nippohub_dailyTests.swift */ = {isa = PBXFileReference; lastKnownFileType = sourcecode.swift; path = nippohub_dailyTests.swift; sourceTree = "<group>"; };
		54C1FD04224444CD00AB4FC8 /* Info.plist */ = {isa = PBXFileReference; lastKnownFileType = text.plist.xml; path = Info.plist; sourceTree = "<group>"; };
		54C1FD09224444CD00AB4FC8 /* nippohub-dailyUITests.xctest */ = {isa = PBXFileReference; explicitFileType = wrapper.cfbundle; includeInIndex = 0; path = "nippohub-dailyUITests.xctest"; sourceTree = BUILT_PRODUCTS_DIR; };
		54C1FD0D224444CD00AB4FC8 /* nippohub_dailyUITests.swift */ = {isa = PBXFileReference; lastKnownFileType = sourcecode.swift; path = nippohub_dailyUITests.swift; sourceTree = "<group>"; };
		54C1FD0F224444CD00AB4FC8 /* Info.plist */ = {isa = PBXFileReference; lastKnownFileType = text.plist.xml; path = Info.plist; sourceTree = "<group>"; };
/* End PBXFileReference section */

/* Begin PBXFrameworksBuildPhase section */
		54C1FCE4224444CA00AB4FC8 /* Frameworks */ = {
			isa = PBXFrameworksBuildPhase;
			buildActionMask = 2147483647;
			files = (
			);
			runOnlyForDeploymentPostprocessing = 0;
		};
		54C1FCFB224444CD00AB4FC8 /* Frameworks */ = {
			isa = PBXFrameworksBuildPhase;
			buildActionMask = 2147483647;
			files = (
			);
			runOnlyForDeploymentPostprocessing = 0;
		};
		54C1FD06224444CD00AB4FC8 /* Frameworks */ = {
			isa = PBXFrameworksBuildPhase;
			buildActionMask = 2147483647;
			files = (
			);
			runOnlyForDeploymentPostprocessing = 0;
		};
/* End PBXFrameworksBuildPhase section */

/* Begin PBXGroup section */
		54C1FCDE224444CA00AB4FC8 = {
			isa = PBXGroup;
			children = (
				54C1FCE9224444CA00AB4FC8 /* nippohub-daily */,
				54C1FD01224444CD00AB4FC8 /* nippohub-dailyTests */,
				54C1FD0C224444CD00AB4FC8 /* nippohub-dailyUITests */,
				54C1FCE8224444CA00AB4FC8 /* Products */,
			);
			sourceTree = "<group>";
		};
		54C1FCE8224444CA00AB4FC8 /* Products */ = {
			isa = PBXGroup;
			children = (
				54C1FCE7224444CA00AB4FC8 /* nippohub-daily.app */,
				54C1FCFE224444CD00AB4FC8 /* nippohub-dailyTests.xctest */,
				54C1FD09224444CD00AB4FC8 /* nippohub-dailyUITests.xctest */,
			);
			name = Products;
			sourceTree = "<group>";
		};
		54C1FCE9224444CA00AB4FC8 /* nippohub-daily */ = {
			isa = PBXGroup;
			children = (
				54C1FCEA224444CA00AB4FC8 /* AppDelegate.swift */,
				54C1FCEC224444CA00AB4FC8 /* ViewController.swift */,
				54C1FCEE224444CA00AB4FC8 /* Main.storyboard */,
				54C1FCF4224444CD00AB4FC8 /* Assets.xcassets */,
				54C1FCF6224444CD00AB4FC8 /* LaunchScreen.storyboard */,
				54C1FCF9224444CD00AB4FC8 /* Info.plist */,
				54C1FCF1224444CA00AB4FC8 /* nippohub_daily.xcdatamodeld */,
			);
			path = "nippohub-daily";
			sourceTree = "<group>";
		};
		54C1FD01224444CD00AB4FC8 /* nippohub-dailyTests */ = {
			isa = PBXGroup;
			children = (
				54C1FD02224444CD00AB4FC8 /* nippohub_dailyTests.swift */,
				54C1FD04224444CD00AB4FC8 /* Info.plist */,
			);
			path = "nippohub-dailyTests";
			sourceTree = "<group>";
		};
		54C1FD0C224444CD00AB4FC8 /* nippohub-dailyUITests */ = {
			isa = PBXGroup;
			children = (
				54C1FD0D224444CD00AB4FC8 /* nippohub_dailyUITests.swift */,
				54C1FD0F224444CD00AB4FC8 /* Info.plist */,
			);
			path = "nippohub-dailyUITests";
			sourceTree = "<group>";
		};
/* End PBXGroup section */

/* Begin PBXNativeTarget section */
		54C1FCE6224444CA00AB4FC8 /* nippohub-daily */ = {
			isa = PBXNativeTarget;
			buildConfigurationList = 54C1FD12224444CD00AB4FC8 /* Build configuration list for PBXNativeTarget "nippohub-daily" */;
			buildPhases = (
				54C1FCE3224444CA00AB4FC8 /* Sources */,
				54C1FCE4224444CA00AB4FC8 /* Frameworks */,
				54C1FCE5224444CA00AB4FC8 /* Resources */,
			);
			buildRules = (
			);
			dependencies = (
			);
			name = "nippohub-daily";
			productName = "nippohub-daily";
			productReference = 54C1FCE7224444CA00AB4FC8 /* nippohub-daily.app */;
			productType = "com.apple.product-type.application";
		};
		54C1FCFD224444CD00AB4FC8 /* nippohub-dailyTests */ = {
			isa = PBXNativeTarget;
			buildConfigurationList = 54C1FD15224444CD00AB4FC8 /* Build configuration list for PBXNativeTarget "nippohub-dailyTests" */;
			buildPhases = (
				54C1FCFA224444CD00AB4FC8 /* Sources */,
				54C1FCFB224444CD00AB4FC8 /* Frameworks */,
				54C1FCFC224444CD00AB4FC8 /* Resources */,
			);
			buildRules = (
			);
			dependencies = (
				54C1FD00224444CD00AB4FC8 /* PBXTargetDependency */,
			);
			name = "nippohub-dailyTests";
			productName = "nippohub-dailyTests";
			productReference = 54C1FCFE224444CD00AB4FC8 /* nippohub-dailyTests.xctest */;
			productType = "com.apple.product-type.bundle.unit-test";
		};
		54C1FD08224444CD00AB4FC8 /* nippohub-dailyUITests */ = {
			isa = PBXNativeTarget;
			buildConfigurationList = 54C1FD18224444CD00AB4FC8 /* Build configuration list for PBXNativeTarget "nippohub-dailyUITests" */;
			buildPhases = (
				54C1FD05224444CD00AB4FC8 /* Sources */,
				54C1FD06224444CD00AB4FC8 /* Frameworks */,
				54C1FD07224444CD00AB4FC8 /* Resources */,
			);
			buildRules = (
			);
			dependencies = (
				54C1FD0B224444CD00AB4FC8 /* PBXTargetDependency */,
			);
			name = "nippohub-dailyUITests";
			productName = "nippohub-dailyUITests";
			productReference = 54C1FD09224444CD00AB4FC8 /* nippohub-dailyUITests.xctest */;
			productType = "com.apple.product-type.bundle.ui-testing";
		};
/* End PBXNativeTarget section */

/* Begin PBXProject section */
		54C1FCDF224444CA00AB4FC8 /* Project object */ = {
			isa = PBXProject;
			attributes = {
				LastSwiftUpdateCheck = 1010;
				LastUpgradeCheck = 1010;
				ORGANIZATIONNAME = "うーぴょん";
				TargetAttributes = {
					54C1FCE6224444CA00AB4FC8 = {
						CreatedOnToolsVersion = 10.1;
					};
					54C1FCFD224444CD00AB4FC8 = {
						CreatedOnToolsVersion = 10.1;
						TestTargetID = 54C1FCE6224444CA00AB4FC8;
					};
					54C1FD08224444CD00AB4FC8 = {
						CreatedOnToolsVersion = 10.1;
						TestTargetID = 54C1FCE6224444CA00AB4FC8;
					};
				};
			};
			buildConfigurationList = 54C1FCE2224444CA00AB4FC8 /* Build configuration list for PBXProject "nippohub-daily" */;
			compatibilityVersion = "Xcode 9.3";
			developmentRegion = en;
			hasScannedForEncodings = 0;
			knownRegions = (
				en,
				Base,
			);
			mainGroup = 54C1FCDE224444CA00AB4FC8;
			productRefGroup = 54C1FCE8224444CA00AB4FC8 /* Products */;
			projectDirPath = "";
			projectRoot = "";
			targets = (
				54C1FCE6224444CA00AB4FC8 /* nippohub-daily */,
				54C1FCFD224444CD00AB4FC8 /* nippohub-dailyTests */,
				54C1FD08224444CD00AB4FC8 /* nippohub-dailyUITests */,
			);
		};
/* End PBXProject section */

/* Begin PBXResourcesBuildPhase section */
		54C1FCE5224444CA00AB4FC8 /* Resources */ = {
			isa = PBXResourcesBuildPhase;
			buildActionMask = 2147483647;
			files = (
				54C1FCF8224444CD00AB4FC8 /* LaunchScreen.storyboard in Resources */,
				54C1FCF5224444CD00AB4FC8 /* Assets.xcassets in Resources */,
				54C1FCF0224444CA00AB4FC8 /* Main.storyboard in Resources */,
			);
			runOnlyForDeploymentPostprocessing = 0;
		};
		54C1FCFC224444CD00AB4FC8 /* Resources */ = {
			isa = PBXResourcesBuildPhase;
			buildActionMask = 2147483647;
			files = (
			);
			runOnlyForDeploymentPostprocessing = 0;
		};
		54C1FD07224444CD00AB4FC8 /* Resources */ = {
			isa = PBXResourcesBuildPhase;
			buildActionMask = 2147483647;
			files = (
			);
			runOnlyForDeploymentPostprocessing = 0;
		};
/* End PBXResourcesBuildPhase section */

/* Begin PBXSourcesBuildPhase section */
		54C1FCE3224444CA00AB4FC8 /* Sources */ = {
			isa = PBXSourcesBuildPhase;
			buildActionMask = 2147483647;
			files = (
				54C1FCF3224444CB00AB4FC8 /* nippohub_daily.xcdatamodeld in Sources */,
				54C1FCED224444CA00AB4FC8 /* ViewController.swift in Sources */,
				54C1FCEB224444CA00AB4FC8 /* AppDelegate.swift in Sources */,
			);
			runOnlyForDeploymentPostprocessing = 0;
		};
		54C1FCFA224444CD00AB4FC8 /* Sources */ = {
			isa = PBXSourcesBuildPhase;
			buildActionMask = 2147483647;
			files = (
				54C1FD03224444CD00AB4FC8 /* nippohub_dailyTests.swift in Sources */,
			);
			runOnlyForDeploymentPostprocessing = 0;
		};
		54C1FD05224444CD00AB4FC8 /* Sources */ = {
			isa = PBXSourcesBuildPhase;
			buildActionMask = 2147483647;
			files = (
				54C1FD0E224444CD00AB4FC8 /* nippohub_dailyUITests.swift in Sources */,
			);
			runOnlyForDeploymentPostprocessing = 0;
		};
/* End PBXSourcesBuildPhase section */

/* Begin PBXTargetDependency section */
		54C1FD00224444CD00AB4FC8 /* PBXTargetDependency */ = {
			isa = PBXTargetDependency;
			target = 54C1FCE6224444CA00AB4FC8 /* nippohub-daily */;
			targetProxy = 54C1FCFF224444CD00AB4FC8 /* PBXContainerItemProxy */;
		};
		54C1FD0B224444CD00AB4FC8 /* PBXTargetDependency */ = {
			isa = PBXTargetDependency;
			target = 54C1FCE6224444CA00AB4FC8 /* nippohub-daily */;
			targetProxy = 54C1FD0A224444CD00AB4FC8 /* PBXContainerItemProxy */;
		};
/* End PBXTargetDependency section */

/* Begin PBXVariantGroup section */
		54C1FCEE224444CA00AB4FC8 /* Main.storyboard */ = {
			isa = PBXVariantGroup;
			children = (
				54C1FCEF224444CA00AB4FC8 /* Base */,
			);
			name = Main.storyboard;
			sourceTree = "<group>";
		};
		54C1FCF6224444CD00AB4FC8 /* LaunchScreen.storyboard */ = {
			isa = PBXVariantGroup;
			children = (
				54C1FCF7224444CD00AB4FC8 /* Base */,
			);
			name = LaunchScreen.storyboard;
			sourceTree = "<group>";
		};
/* End PBXVariantGroup section */

/* Begin XCBuildConfiguration section */
		54C1FD10224444CD00AB4FC8 /* Debug */ = {
			isa = XCBuildConfiguration;
			buildSettings = {
				ALWAYS_SEARCH_USER_PATHS = NO;
				CLANG_ANALYZER_NONNULL = YES;
				CLANG_ANALYZER_NUMBER_OBJECT_CONVERSION = YES_AGGRESSIVE;
				CLANG_CXX_LANGUAGE_STANDARD = "gnu++14";
				CLANG_CXX_LIBRARY = "libc++";
				CLANG_ENABLE_MODULES = YES;
				CLANG_ENABLE_OBJC_ARC = YES;
				CLANG_ENABLE_OBJC_WEAK = YES;
				CLANG_WARN_BLOCK_CAPTURE_AUTORELEASING = YES;
				CLANG_WARN_BOOL_CONVERSION = YES;
				CLANG_WARN_COMMA = YES;
				CLANG_WARN_CONSTANT_CONVERSION = YES;
				CLANG_WARN_DEPRECATED_OBJC_IMPLEMENTATIONS = YES;
				CLANG_WARN_DIRECT_OBJC_ISA_USAGE = YES_ERROR;
				CLANG_WARN_DOCUMENTATION_COMMENTS = YES;
				CLANG_WARN_EMPTY_BODY = YES;
				CLANG_WARN_ENUM_CONVERSION = YES;
				CLANG_WARN_INFINITE_RECURSION = YES;
				CLANG_WARN_INT_CONVERSION = YES;
				CLANG_WARN_NON_LITERAL_NULL_CONVERSION = YES;
				CLANG_WARN_OBJC_IMPLICIT_RETAIN_SELF = YES;
				CLANG_WARN_OBJC_LITERAL_CONVERSION = YES;
				CLANG_WARN_OBJC_ROOT_CLASS = YES_ERROR;
				CLANG_WARN_RANGE_LOOP_ANALYSIS = YES;
				CLANG_WARN_STRICT_PROTOTYPES = YES;
				CLANG_WARN_SUSPICIOUS_MOVE = YES;
				CLANG_WARN_UNGUARDED_AVAILABILITY = YES_AGGRESSIVE;
				CLANG_WARN_UNREACHABLE_CODE = YES;
				CLANG_WARN__DUPLICATE_METHOD_MATCH = YES;
				CODE_SIGN_IDENTITY = "iPhone Developer";
				COPY_PHASE_STRIP = NO;
				DEBUG_INFORMATION_FORMAT = dwarf;
				ENABLE_STRICT_OBJC_MSGSEND = YES;
				ENABLE_TESTABILITY = YES;
				GCC_C_LANGUAGE_STANDARD = gnu11;
				GCC_DYNAMIC_NO_PIC = NO;
				GCC_NO_COMMON_BLOCKS = YES;
				GCC_OPTIMIZATION_LEVEL = 0;
				GCC_PREPROCESSOR_DEFINITIONS = (
					"DEBUG=1",
					"$(inherited)",
				);
				GCC_WARN_64_TO_32_BIT_CONVERSION = YES;
				GCC_WARN_ABOUT_RETURN_TYPE = YES_ERROR;
				GCC_WARN_UNDECLARED_SELECTOR = YES;
				GCC_WARN_UNINITIALIZED_AUTOS = YES_AGGRESSIVE;
				GCC_WARN_UNUSED_FUNCTION = YES;
				GCC_WARN_UNUSED_VARIABLE = YES;
				IPHONEOS_DEPLOYMENT_TARGET = 12.1;
				MTL_ENABLE_DEBUG_INFO = INCLUDE_SOURCE;
				MTL_FAST_MATH = YES;
				ONLY_ACTIVE_ARCH = YES;
				SDKROOT = iphoneos;
				SWIFT_ACTIVE_COMPILATION_CONDITIONS = DEBUG;
				SWIFT_OPTIMIZATION_LEVEL = "-Onone";
			};
			name = Debug;
		};
		54C1FD11224444CD00AB4FC8 /* Release */ = {
			isa = XCBuildConfiguration;
			buildSettings = {
				ALWAYS_SEARCH_USER_PATHS = NO;
				CLANG_ANALYZER_NONNULL = YES;
				CLANG_ANALYZER_NUMBER_OBJECT_CONVERSION = YES_AGGRESSIVE;
				CLANG_CXX_LANGUAGE_STANDARD = "gnu++14";
				CLANG_CXX_LIBRARY = "libc++";
				CLANG_ENABLE_MODULES = YES;
				CLANG_ENABLE_OBJC_ARC = YES;
				CLANG_ENABLE_OBJC_WEAK = YES;
				CLANG_WARN_BLOCK_CAPTURE_AUTORELEASING = YES;
				CLANG_WARN_BOOL_CONVERSION = YES;
				CLANG_WARN_COMMA = YES;
				CLANG_WARN_CONSTANT_CONVERSION = YES;
				CLANG_WARN_DEPRECATED_OBJC_IMPLEMENTATIONS = YES;
				CLANG_WARN_DIRECT_OBJC_ISA_USAGE = YES_ERROR;
				CLANG_WARN_DOCUMENTATION_COMMENTS = YES;
				CLANG_WARN_EMPTY_BODY = YES;
				CLANG_WARN_ENUM_CONVERSION = YES;
				CLANG_WARN_INFINITE_RECURSION = YES;
				CLANG_WARN_INT_CONVERSION = YES;
				CLANG_WARN_NON_LITERAL_NULL_CONVERSION = YES;
				CLANG_WARN_OBJC_IMPLICIT_RETAIN_SELF = YES;
				CLANG_WARN_OBJC_LITERAL_CONVERSION = YES;
				CLANG_WARN_OBJC_ROOT_CLASS = YES_ERROR;
				CLANG_WARN_RANGE_LOOP_ANALYSIS = YES;
				CLANG_WARN_STRICT_PROTOTYPES = YES;
				CLANG_WARN_SUSPICIOUS_MOVE = YES;
				CLANG_WARN_UNGUARDED_AVAILABILITY = YES_AGGRESSIVE;
				CLANG_WARN_UNREACHABLE_CODE = YES;
				CLANG_WARN__DUPLICATE_METHOD_MATCH = YES;
				CODE_SIGN_IDENTITY = "iPhone Developer";
				COPY_PHASE_STRIP = NO;
				DEBUG_INFORMATION_FORMAT = "dwarf-with-dsym";
				ENABLE_NS_ASSERTIONS = NO;
				ENABLE_STRICT_OBJC_MSGSEND = YES;
				GCC_C_LANGUAGE_STANDARD = gnu11;
				GCC_NO_COMMON_BLOCKS = YES;
				GCC_WARN_64_TO_32_BIT_CONVERSION = YES;
				GCC_WARN_ABOUT_RETURN_TYPE = YES_ERROR;
				GCC_WARN_UNDECLARED_SELECTOR = YES;
				GCC_WARN_UNINITIALIZED_AUTOS = YES_AGGRESSIVE;
				GCC_WARN_UNUSED_FUNCTION = YES;
				GCC_WARN_UNUSED_VARIABLE = YES;
				IPHONEOS_DEPLOYMENT_TARGET = 12.1;
				MTL_ENABLE_DEBUG_INFO = NO;
				MTL_FAST_MATH = YES;
				SDKROOT = iphoneos;
				SWIFT_COMPILATION_MODE = wholemodule;
				SWIFT_OPTIMIZATION_LEVEL = "-O";
				VALIDATE_PRODUCT = YES;
			};
			name = Release;
		};
		54C1FD13224444CD00AB4FC8 /* Debug */ = {
			isa = XCBuildConfiguration;
			buildSettings = {
				ASSETCATALOG_COMPILER_APPICON_NAME = AppIcon;
				CODE_SIGN_STYLE = Automatic;
				INFOPLIST_FILE = "nippohub-daily/Info.plist";
				LD_RUNPATH_SEARCH_PATHS = (
					"$(inherited)",
					"@executable_path/Frameworks",
				);
				PRODUCT_BUNDLE_IDENTIFIER = "jp.sasurai-usagi3.nippohub-daily";
				PRODUCT_NAME = "$(TARGET_NAME)";
				SWIFT_VERSION = 4.2;
				TARGETED_DEVICE_FAMILY = "1,2";
			};
			name = Debug;
		};
		54C1FD14224444CD00AB4FC8 /* Release */ = {
			isa = XCBuildConfiguration;
			buildSettings = {
				ASSETCATALOG_COMPILER_APPICON_NAME = AppIcon;
				CODE_SIGN_STYLE = Automatic;
				INFOPLIST_FILE = "nippohub-daily/Info.plist";
				LD_RUNPATH_SEARCH_PATHS = (
					"$(inherited)",
					"@executable_path/Frameworks",
				);
				PRODUCT_BUNDLE_IDENTIFIER = "jp.sasurai-usagi3.nippohub-daily";
				PRODUCT_NAME = "$(TARGET_NAME)";
				SWIFT_VERSION = 4.2;
				TARGETED_DEVICE_FAMILY = "1,2";
			};
			name = Release;
		};
		54C1FD16224444CD00AB4FC8 /* Debug */ = {
			isa = XCBuildConfiguration;
			buildSettings = {
				ALWAYS_EMBED_SWIFT_STANDARD_LIBRARIES = YES;
				BUNDLE_LOADER = "$(TEST_HOST)";
				CODE_SIGN_STYLE = Automatic;
				INFOPLIST_FILE = "nippohub-dailyTests/Info.plist";
				LD_RUNPATH_SEARCH_PATHS = (
					"$(inherited)",
					"@executable_path/Frameworks",
					"@loader_path/Frameworks",
				);
				PRODUCT_BUNDLE_IDENTIFIER = "jp.sasurai-usagi3.nippohub-dailyTests";
				PRODUCT_NAME = "$(TARGET_NAME)";
				SWIFT_VERSION = 4.2;
				TARGETED_DEVICE_FAMILY = "1,2";
				TEST_HOST = "$(BUILT_PRODUCTS_DIR)/nippohub-daily.app/nippohub-daily";
			};
			name = Debug;
		};
		54C1FD17224444CD00AB4FC8 /* Release */ = {
			isa = XCBuildConfiguration;
			buildSettings = {
				ALWAYS_EMBED_SWIFT_STANDARD_LIBRARIES = YES;
				BUNDLE_LOADER = "$(TEST_HOST)";
				CODE_SIGN_STYLE = Automatic;
				INFOPLIST_FILE = "nippohub-dailyTests/Info.plist";
				LD_RUNPATH_SEARCH_PATHS = (
					"$(inherited)",
					"@executable_path/Frameworks",
					"@loader_path/Frameworks",
				);
				PRODUCT_BUNDLE_IDENTIFIER = "jp.sasurai-usagi3.nippohub-dailyTests";
				PRODUCT_NAME = "$(TARGET_NAME)";
				SWIFT_VERSION = 4.2;
				TARGETED_DEVICE_FAMILY = "1,2";
				TEST_HOST = "$(BUILT_PRODUCTS_DIR)/nippohub-daily.app/nippohub-daily";
			};
			name = Release;
		};
		54C1FD19224444CD00AB4FC8 /* Debug */ = {
			isa = XCBuildConfiguration;
			buildSettings = {
				ALWAYS_EMBED_SWIFT_STANDARD_LIBRARIES = YES;
				CODE_SIGN_STYLE = Automatic;
				INFOPLIST_FILE = "nippohub-dailyUITests/Info.plist";
				LD_RUNPATH_SEARCH_PATHS = (
					"$(inherited)",
					"@executable_path/Frameworks",
					"@loader_path/Frameworks",
				);
				PRODUCT_BUNDLE_IDENTIFIER = "jp.sasurai-usagi3.nippohub-dailyUITests";
				PRODUCT_NAME = "$(TARGET_NAME)";
				SWIFT_VERSION = 4.2;
				TARGETED_DEVICE_FAMILY = "1,2";
				TEST_TARGET_NAME = "nippohub-daily";
			};
			name = Debug;
		};
		54C1FD1A224444CD00AB4FC8 /* Release */ = {
			isa = XCBuildConfiguration;
			buildSettings = {
				ALWAYS_EMBED_SWIFT_STANDARD_LIBRARIES = YES;
				CODE_SIGN_STYLE = Automatic;
				INFOPLIST_FILE = "nippohub-dailyUITests/Info.plist";
				LD_RUNPATH_SEARCH_PATHS = (
					"$(inherited)",
					"@executable_path/Frameworks",
					"@loader_path/Frameworks",
				);
				PRODUCT_BUNDLE_IDENTIFIER = "jp.sasurai-usagi3.nippohub-dailyUITests";
				PRODUCT_NAME = "$(TARGET_NAME)";
				SWIFT_VERSION = 4.2;
				TARGETED_DEVICE_FAMILY = "1,2";
				TEST_TARGET_NAME = "nippohub-daily";
			};
			name = Release;
		};
/* End XCBuildConfiguration section */

/* Begin XCConfigurationList section */
		54C1FCE2224444CA00AB4FC8 /* Build configuration list for PBXProject "nippohub-daily" */ = {
			isa = XCConfigurationList;
			buildConfigurations = (
				54C1FD10224444CD00AB4FC8 /* Debug */,
				54C1FD11224444CD00AB4FC8 /* Release */,
			);
			defaultConfigurationIsVisible = 0;
			defaultConfigurationName = Release;
		};
		54C1FD12224444CD00AB4FC8 /* Build configuration list for PBXNativeTarget "nippohub-daily" */ = {
			isa = XCConfigurationList;
			buildConfigurations = (
				54C1FD13224444CD00AB4FC8 /* Debug */,
				54C1FD14224444CD00AB4FC8 /* Release */,
			);
			defaultConfigurationIsVisible = 0;
			defaultConfigurationName = Release;
		};
		54C1FD15224444CD00AB4FC8 /* Build configuration list for PBXNativeTarget "nippohub-dailyTests" */ = {
			isa = XCConfigurationList;
			buildConfigurations = (
				54C1FD16224444CD00AB4FC8 /* Debug */,
				54C1FD17224444CD00AB4FC8 /* Release */,
			);
			defaultConfigurationIsVisible = 0;
			defaultConfigurationName = Release;
		};
		54C1FD18224444CD00AB4FC8 /* Build configuration list for PBXNativeTarget "nippohub-dailyUITests" */ = {
			isa = XCConfigurationList;
			buildConfigurations = (
				54C1FD19224444CD00AB4FC8 /* Debug */,
				54C1FD1A224444CD00AB4FC8 /* Release */,
			);
			defaultConfigurationIsVisible = 0;
			defaultConfigurationName = Release;
		};
/* End XCConfigurationList section */

/* Begin XCVersionGroup section */
		54C1FCF1224444CA00AB4FC8 /* nippohub_daily.xcdatamodeld */ = {
			isa = XCVersionGroup;
			children = (
				54C1FCF2224444CA00AB4FC8 /* nippohub_daily.xcdatamodel */,
			);
			currentVersion = 54C1FCF2224444CA00AB4FC8 /* nippohub_daily.xcdatamodel */;
			path = nippohub_daily.xcdatamodeld;
			sourceTree = "<group>";
			versionGroupType = wrapper.xcdatamodel;
		};
/* End XCVersionGroup section */
	};
	rootObject = 54C1FCDF224444CA00AB4FC8 /* Project object */;
}
